
Microsoft Visual Studio Solution File, Format Version 12.00
# Visual Studio Version 17
VisualStudioVersion = 17.9.34622.214
MinimumVisualStudioVersion = 10.0.40219.1
Project("{FAE04EC0-301F-11D3-BF4B-00C04F79EFBC}") = "StringaBella", "StringaBella\StringaBella.csproj", "{F027A77F-4DCA-48CF-B290-5BC79A5EE246}"
EndProject
Global
	GlobalSection(SolutionConfigurationPlatforms) = preSolution
		Debug|Any CPU = Debug|Any CPU
		Release|Any CPU = Release|Any CPU
	EndGlobalSection
	GlobalSection(ProjectConfigurationPlatforms) = postSolution
		{F027A77F-4DCA-48CF-B290-5BC79A5EE246}.Debug|Any CPU.ActiveCfg = Debug|Any CPU
		{F027A77F-4DCA-48CF-B290-5BC79A5EE246}.Debug|Any CPU.Build.0 = Debug|Any CPU
		{F027A77F-4DCA-48CF-B290-5BC79A5EE246}.Release|Any CPU.ActiveCfg = Release|Any CPU
		{F027A77F-4DCA-48CF-B290-5BC79A5EE246}.Release|Any CPU.Build.0 = Release|Any CPU
	EndGlobalSection
	GlobalSection(SolutionProperties) = preSolution
		HideSolutionNode = FALSE
	EndGlobalSection
	GlobalSection(ExtensibilityGlobals) = postSolution
		SolutionGuid = {D5F3324F-99C7-4F6D-AB8C-982A60E9B0CF}
	EndGlobalSection
EndGlobal
